
Microsoft Visual Studio Solution File, Format Version 12.00
# Visual Studio Version 17
VisualStudioVersion = 17.4.33213.308
MinimumVisualStudioVersion = 10.0.40219.1
Project("{FAE04EC0-301F-11D3-BF4B-00C04F79EFBC}") = "PnPCorePOC", "PnPCorePOC\PnPCorePOC.csproj", "{5FB72F8C-A3E0-4968-B2E9-47B8D6F2CBD3}"
EndProject
Project("{2150E333-8FDC-42A3-9474-1A3956D46DE8}") = "Solution Items", "Solution Items", "{A0C94058-1C2E-4794-897E-99AF7BED9414}"
	ProjectSection(SolutionItems) = preProject
		README.md = README.md
	EndProjectSection
EndProject
Global
	GlobalSection(SolutionConfigurationPlatforms) = preSolution
		Debug|Any CPU = Debug|Any CPU
		Release|Any CPU = Release|Any CPU
	EndGlobalSection
	GlobalSection(ProjectConfigurationPlatforms) = postSolution
		{5FB72F8C-A3E0-4968-B2E9-47B8D6F2CBD3}.Debug|Any CPU.ActiveCfg = Debug|Any CPU
		{5FB72F8C-A3E0-4968-B2E9-47B8D6F2CBD3}.Debug|Any CPU.Build.0 = Debug|Any CPU
		{5FB72F8C-A3E0-4968-B2E9-47B8D6F2CBD3}.Release|Any CPU.ActiveCfg = Release|Any CPU
		{5FB72F8C-A3E0-4968-B2E9-47B8D6F2CBD3}.Release|Any CPU.Build.0 = Release|Any CPU
	EndGlobalSection
	GlobalSection(SolutionProperties) = preSolution
		HideSolutionNode = FALSE
	EndGlobalSection
	GlobalSection(ExtensibilityGlobals) = postSolution
		SolutionGuid = {4C8486BB-A4FF-4B6C-B247-3C8211E3DE2F}
	EndGlobalSection
EndGlobal
